
Microsoft Visual Studio Solution File, Format Version 12.00
# Visual Studio Version 17
VisualStudioVersion = 17.9.34728.123
MinimumVisualStudioVersion = 10.0.40219.1
Project("{FAE04EC0-301F-11D3-BF4B-00C04F79EFBC}") = "MKRanker3000", "MKRanker3000.csproj", "{7021D3CF-09D4-4F13-B8E8-3FD270C47BCD}"
EndProject
Global
	GlobalSection(SolutionConfigurationPlatforms) = preSolution
		Debug|Any CPU = Debug|Any CPU
		Release|Any CPU = Release|Any CPU
	EndGlobalSection
	GlobalSection(ProjectConfigurationPlatforms) = postSolution
		{7021D3CF-09D4-4F13-B8E8-3FD270C47BCD}.Debug|Any CPU.ActiveCfg = Debug|Any CPU
		{7021D3CF-09D4-4F13-B8E8-3FD270C47BCD}.Debug|Any CPU.Build.0 = Debug|Any CPU
		{7021D3CF-09D4-4F13-B8E8-3FD270C47BCD}.Release|Any CPU.ActiveCfg = Release|Any CPU
		{7021D3CF-09D4-4F13-B8E8-3FD270C47BCD}.Release|Any CPU.Build.0 = Release|Any CPU
	EndGlobalSection
	GlobalSection(SolutionProperties) = preSolution
		HideSolutionNode = FALSE
	EndGlobalSection
	GlobalSection(ExtensibilityGlobals) = postSolution
		SolutionGuid = {A1EF215D-A042-4926-9057-30FE345EBA46}
	EndGlobalSection
EndGlobal
